{
  "originHash" : "2cc11b0a28598e02887dc76bd3719275ada226f6915709c4d0776a330b834b22",
  "pins" : [
    {
      "identity" : "dicyaninsplash",
      "kind" : "remoteSourceControl",
      "location" : "https://github.com/hunterh37/DicyaninSplash",
      "state" : {
        "revision" : "b6a6e0ac5bdef581ad857166574aba831510a427"
      }
    },
    {
      "identity" : "shadergraphcoder",
      "kind" : "remoteSourceControl",
      "location" : "https://github.com/praeclarum/ShaderGraphCoder",
      "state" : {
        "branch" : "main",
        "revision" : "069cc5a5d4477ca15fb1bb5bd79c758634cd4c99"
      }
    }
  ],
  "version" : 3
}
